
Microsoft Visual Studio Solution File, Format Version 12.00
# Visual Studio Version 17
VisualStudioVersion = 17.5.33502.453
MinimumVisualStudioVersion = 10.0.40219.1
Project("{FAE04EC0-301F-11D3-BF4B-00C04F79EFBC}") = "ExamenFinalVersio", "ExamenFinalVersio\ExamenFinalVersio.csproj", "{46BA552E-AAAE-4650-9D8A-DA6844CA9FC1}"
EndProject
Global
	GlobalSection(SolutionConfigurationPlatforms) = preSolution
		Debug|Any CPU = Debug|Any CPU
		Release|Any CPU = Release|Any CPU
	EndGlobalSection
	GlobalSection(ProjectConfigurationPlatforms) = postSolution
		{46BA552E-AAAE-4650-9D8A-DA6844CA9FC1}.Debug|Any CPU.ActiveCfg = Debug|Any CPU
		{46BA552E-AAAE-4650-9D8A-DA6844CA9FC1}.Debug|Any CPU.Build.0 = Debug|Any CPU
		{46BA552E-AAAE-4650-9D8A-DA6844CA9FC1}.Release|Any CPU.ActiveCfg = Release|Any CPU
		{46BA552E-AAAE-4650-9D8A-DA6844CA9FC1}.Release|Any CPU.Build.0 = Release|Any CPU
	EndGlobalSection
	GlobalSection(SolutionProperties) = preSolution
		HideSolutionNode = FALSE
	EndGlobalSection
	GlobalSection(ExtensibilityGlobals) = postSolution
		SolutionGuid = {C5D60DDC-9BCB-494E-97E6-8E9C2F72A66C}
	EndGlobalSection
EndGlobal
